
Microsoft Visual Studio Solution File, Format Version 12.00
# Visual Studio Version 16
VisualStudioVersion = 16.0.30907.101
MinimumVisualStudioVersion = 10.0.40219.1
Project("{778DAE3C-4631-46EA-AA77-85C1314464D9}") = "AgoraNEO", "AgoraNEO.vbproj", "{35BDF0DC-72F8-44AF-94C4-8598B2AAAE7A}"
EndProject
Project("{FAE04EC0-301F-11D3-BF4B-00C04F79EFBC}") = "WebApp", "..\WebApp\WebApp.csproj", "{F41302CF-654B-4227-AD6D-34E64A7248AD}"
EndProject
Global
	GlobalSection(SolutionConfigurationPlatforms) = preSolution
		Debug|Any CPU = Debug|Any CPU
		Release|Any CPU = Release|Any CPU
	EndGlobalSection
	GlobalSection(ProjectConfigurationPlatforms) = postSolution
		{35BDF0DC-72F8-44AF-94C4-8598B2AAAE7A}.Debug|Any CPU.ActiveCfg = Debug|Any CPU
		{35BDF0DC-72F8-44AF-94C4-8598B2AAAE7A}.Debug|Any CPU.Build.0 = Debug|Any CPU
		{35BDF0DC-72F8-44AF-94C4-8598B2AAAE7A}.Release|Any CPU.ActiveCfg = Release|Any CPU
		{35BDF0DC-72F8-44AF-94C4-8598B2AAAE7A}.Release|Any CPU.Build.0 = Release|Any CPU
		{F41302CF-654B-4227-AD6D-34E64A7248AD}.Debug|Any CPU.ActiveCfg = Debug|Any CPU
		{F41302CF-654B-4227-AD6D-34E64A7248AD}.Debug|Any CPU.Build.0 = Debug|Any CPU
		{F41302CF-654B-4227-AD6D-34E64A7248AD}.Release|Any CPU.ActiveCfg = Release|Any CPU
		{F41302CF-654B-4227-AD6D-34E64A7248AD}.Release|Any CPU.Build.0 = Release|Any CPU
	EndGlobalSection
	GlobalSection(SolutionProperties) = preSolution
		HideSolutionNode = FALSE
	EndGlobalSection
	GlobalSection(ExtensibilityGlobals) = postSolution
		SolutionGuid = {73B6EFA7-07E1-4038-BC1E-49EF403D875E}
	EndGlobalSection
EndGlobal
